
Microsoft Visual Studio Solution File, Format Version 11.00
# Visual Studio 2010
Project("{FAE04EC0-301F-11D3-BF4B-00C04F79EFBC}") = "UnityEngine.TestRunner", "UnityEngine.TestRunner.csproj", "{AA52BF4C-4BD2-0FC1-645C-D130F3E6CCFC}"
EndProject
Project("{FAE04EC0-301F-11D3-BF4B-00C04F79EFBC}") = "Unity.2D.Animation.Triangle.Runtime", "Unity.2D.Animation.Triangle.Runtime.csproj", "{61E15EA7-C1C1-2D76-8AEA-15AF668B8FB2}"
EndProject
Project("{FAE04EC0-301F-11D3-BF4B-00C04F79EFBC}") = "UnityEngine.UI", "UnityEngine.UI.csproj", "{C344F8BA-5AF6-E17E-E268-B49740F847BB}"
EndProject
Project("{FAE04EC0-301F-11D3-BF4B-00C04F79EFBC}") = "Unity.TextMeshPro", "Unity.TextMeshPro.csproj", "{AF26AA5A-0949-575B-9F1A-E768D96D547E}"
EndProject
Project("{FAE04EC0-301F-11D3-BF4B-00C04F79EFBC}") = "Unity.2D.Animation.Runtime", "Unity.2D.Animation.Runtime.csproj", "{B4E1D5FB-06D1-EE45-566B-B8722D20FD2F}"
EndProject
Project("{FAE04EC0-301F-11D3-BF4B-00C04F79EFBC}") = "Unity.Timeline", "Unity.Timeline.csproj", "{A11C1C2F-C1B1-0312-FD6C-7102D07721A5}"
EndProject
Project("{FAE04EC0-301F-11D3-BF4B-00C04F79EFBC}") = "Unity.Mathematics", "Unity.Mathematics.csproj", "{555C3FAA-DBB1-D633-3A86-BF8B6E2827C0}"
EndProject
Project("{FAE04EC0-301F-11D3-BF4B-00C04F79EFBC}") = "Unity.2D.SpriteShape.Runtime", "Unity.2D.SpriteShape.Runtime.csproj", "{E170ED9D-64B1-5570-324A-2F3C8EAA8FD8}"
EndProject
Project("{FAE04EC0-301F-11D3-BF4B-00C04F79EFBC}") = "Unity.2D.PixelPerfect", "Unity.2D.PixelPerfect.csproj", "{DC6303F7-0D61-7052-4FCE-EE5EF2DF437A}"
EndProject
Project("{FAE04EC0-301F-11D3-BF4B-00C04F79EFBC}") = "Assembly-CSharp", "Assembly-CSharp.csproj", "{3D37DC75-A733-7F9B-F308-086B26AD4B3C}"
EndProject
Project("{FAE04EC0-301F-11D3-BF4B-00C04F79EFBC}") = "Unity.InternalAPIEngineBridge.001", "Unity.InternalAPIEngineBridge.001.csproj", "{3B1D8F2B-290C-ADE2-69D9-57999BC05787}"
EndProject
Project("{FAE04EC0-301F-11D3-BF4B-00C04F79EFBC}") = "Unity.2D.Common.Runtime", "Unity.2D.Common.Runtime.csproj", "{CAAFF9D1-FF05-0BE0-4BAB-DF95651B00AB}"
EndProject
Project("{FAE04EC0-301F-11D3-BF4B-00C04F79EFBC}") = "UnityEditor.TestRunner", "UnityEditor.TestRunner.csproj", "{B75D678F-D99B-BB2A-30AE-4F5F4FFFDF44}"
EndProject
Project("{FAE04EC0-301F-11D3-BF4B-00C04F79EFBC}") = "Unity.TextMeshPro.Editor", "Unity.TextMeshPro.Editor.csproj", "{462DD091-86E0-679E-02F9-465B2BCFDCED}"
EndProject
Project("{FAE04EC0-301F-11D3-BF4B-00C04F79EFBC}") = "Unity.Timeline.Editor", "Unity.Timeline.Editor.csproj", "{8A70F109-744D-2BF4-7BB8-2B7A3E91E62B}"
EndProject
Project("{FAE04EC0-301F-11D3-BF4B-00C04F79EFBC}") = "Unity.2D.Animation.Editor", "Unity.2D.Animation.Editor.csproj", "{44EA06E6-0E37-77A2-C31B-87D1AE87C60A}"
EndProject
Project("{FAE04EC0-301F-11D3-BF4B-00C04F79EFBC}") = "Unity.2D.Path.Editor", "Unity.2D.Path.Editor.csproj", "{A3B282D2-35B8-96B9-51E1-063DD3E739EC}"
EndProject
Project("{FAE04EC0-301F-11D3-BF4B-00C04F79EFBC}") = "Unity.2D.Sprite.Editor", "Unity.2D.Sprite.Editor.csproj", "{C807DFAC-F288-9A4B-5123-683A23592E3D}"
EndProject
Project("{FAE04EC0-301F-11D3-BF4B-00C04F79EFBC}") = "UnityEditor.UI", "UnityEditor.UI.csproj", "{B69A4AD2-EF74-9C89-B76B-BCC0F7ABE10F}"
EndProject
Project("{FAE04EC0-301F-11D3-BF4B-00C04F79EFBC}") = "Unity.Rider.Editor", "Unity.Rider.Editor.csproj", "{27A5552F-1C43-4B69-C19B-20F532F35D6B}"
EndProject
Project("{FAE04EC0-301F-11D3-BF4B-00C04F79EFBC}") = "Unity.2D.Tilemap.Editor", "Unity.2D.Tilemap.Editor.csproj", "{734585A8-8518-8D14-F174-7187098F1012}"
EndProject
Project("{FAE04EC0-301F-11D3-BF4B-00C04F79EFBC}") = "Unity.2D.SpriteShape.Editor", "Unity.2D.SpriteShape.Editor.csproj", "{F5DDBD40-1FE4-4F33-AE46-9CE2E1325A25}"
EndProject
Project("{FAE04EC0-301F-11D3-BF4B-00C04F79EFBC}") = "PsdPlugin", "PsdPlugin.csproj", "{6D0A5B09-7E02-485C-2561-D65EB7E4DBC5}"
EndProject
Project("{FAE04EC0-301F-11D3-BF4B-00C04F79EFBC}") = "Unity.CollabProxy.Editor", "Unity.CollabProxy.Editor.csproj", "{86ED9ACD-2C5E-B269-8D34-B65B4B317911}"
EndProject
Project("{FAE04EC0-301F-11D3-BF4B-00C04F79EFBC}") = "Unity.2D.Common.Editor", "Unity.2D.Common.Editor.csproj", "{1046FF25-B900-ED1A-A589-415DF9216BB6}"
EndProject
Project("{FAE04EC0-301F-11D3-BF4B-00C04F79EFBC}") = "Unity.VSCode.Editor", "Unity.VSCode.Editor.csproj", "{A0E9C946-0F0D-E5F0-D352-F85BD5C9C5C4}"
EndProject
Project("{FAE04EC0-301F-11D3-BF4B-00C04F79EFBC}") = "Unity.2D.Psdimporter.Editor", "Unity.2D.Psdimporter.Editor.csproj", "{CDD7F80A-214A-AFBD-97C0-0E5DBD71834C}"
EndProject
Project("{FAE04EC0-301F-11D3-BF4B-00C04F79EFBC}") = "Unity.2D.PixelPerfect.Editor", "Unity.2D.PixelPerfect.Editor.csproj", "{87D6E90E-CE88-F94B-CD51-D13A3BDBB925}"
EndProject
Project("{FAE04EC0-301F-11D3-BF4B-00C04F79EFBC}") = "Unity.Mathematics.Editor", "Unity.Mathematics.Editor.csproj", "{9F40AD93-4CEF-2F03-7DA1-BBFE3ED2C2CC}"
EndProject
Project("{FAE04EC0-301F-11D3-BF4B-00C04F79EFBC}") = "Unity.InternalAPIEditorBridge.001", "Unity.InternalAPIEditorBridge.001.csproj", "{FAE5E350-C25A-7C58-ECA2-698E837933FA}"
EndProject
Global
	GlobalSection(SolutionConfigurationPlatforms) = preSolution
		Debug|Any CPU = Debug|Any CPU
		Release|Any CPU = Release|Any CPU
	EndGlobalSection
	GlobalSection(ProjectConfigurationPlatforms) = postSolution
		{AA52BF4C-4BD2-0FC1-645C-D130F3E6CCFC}.Debug|Any CPU.ActiveCfg = Debug|Any CPU
		{AA52BF4C-4BD2-0FC1-645C-D130F3E6CCFC}.Debug|Any CPU.Build.0 = Debug|Any CPU
		{AA52BF4C-4BD2-0FC1-645C-D130F3E6CCFC}.Release|Any CPU.ActiveCfg = Release|Any CPU
		{AA52BF4C-4BD2-0FC1-645C-D130F3E6CCFC}.Release|Any CPU.Build.0 = Release|Any CPU
		{61E15EA7-C1C1-2D76-8AEA-15AF668B8FB2}.Debug|Any CPU.ActiveCfg = Debug|Any CPU
		{61E15EA7-C1C1-2D76-8AEA-15AF668B8FB2}.Debug|Any CPU.Build.0 = Debug|Any CPU
		{61E15EA7-C1C1-2D76-8AEA-15AF668B8FB2}.Release|Any CPU.ActiveCfg = Release|Any CPU
		{61E15EA7-C1C1-2D76-8AEA-15AF668B8FB2}.Release|Any CPU.Build.0 = Release|Any CPU
		{C344F8BA-5AF6-E17E-E268-B49740F847BB}.Debug|Any CPU.ActiveCfg = Debug|Any CPU
		{C344F8BA-5AF6-E17E-E268-B49740F847BB}.Debug|Any CPU.Build.0 = Debug|Any CPU
		{C344F8BA-5AF6-E17E-E268-B49740F847BB}.Release|Any CPU.ActiveCfg = Release|Any CPU
		{C344F8BA-5AF6-E17E-E268-B49740F847BB}.Release|Any CPU.Build.0 = Release|Any CPU
		{AF26AA5A-0949-575B-9F1A-E768D96D547E}.Debug|Any CPU.ActiveCfg = Debug|Any CPU
		{AF26AA5A-0949-575B-9F1A-E768D96D547E}.Debug|Any CPU.Build.0 = Debug|Any CPU
		{AF26AA5A-0949-575B-9F1A-E768D96D547E}.Release|Any CPU.ActiveCfg = Release|Any CPU
		{AF26AA5A-0949-575B-9F1A-E768D96D547E}.Release|Any CPU.Build.0 = Release|Any CPU
		{B4E1D5FB-06D1-EE45-566B-B8722D20FD2F}.Debug|Any CPU.ActiveCfg = Debug|Any CPU
		{B4E1D5FB-06D1-EE45-566B-B8722D20FD2F}.Debug|Any CPU.Build.0 = Debug|Any CPU
		{B4E1D5FB-06D1-EE45-566B-B8722D20FD2F}.Release|Any CPU.ActiveCfg = Release|Any CPU
		{B4E1D5FB-06D1-EE45-566B-B8722D20FD2F}.Release|Any CPU.Build.0 = Release|Any CPU
		{A11C1C2F-C1B1-0312-FD6C-7102D07721A5}.Debug|Any CPU.ActiveCfg = Debug|Any CPU
		{A11C1C2F-C1B1-0312-FD6C-7102D07721A5}.Debug|Any CPU.Build.0 = Debug|Any CPU
		{A11C1C2F-C1B1-0312-FD6C-7102D07721A5}.Release|Any CPU.ActiveCfg = Release|Any CPU
		{A11C1C2F-C1B1-0312-FD6C-7102D07721A5}.Release|Any CPU.Build.0 = Release|Any CPU
		{555C3FAA-DBB1-D633-3A86-BF8B6E2827C0}.Debug|Any CPU.ActiveCfg = Debug|Any CPU
		{555C3FAA-DBB1-D633-3A86-BF8B6E2827C0}.Debug|Any CPU.Build.0 = Debug|Any CPU
		{555C3FAA-DBB1-D633-3A86-BF8B6E2827C0}.Release|Any CPU.ActiveCfg = Release|Any CPU
		{555C3FAA-DBB1-D633-3A86-BF8B6E2827C0}.Release|Any CPU.Build.0 = Release|Any CPU
		{E170ED9D-64B1-5570-324A-2F3C8EAA8FD8}.Debug|Any CPU.ActiveCfg = Debug|Any CPU
		{E170ED9D-64B1-5570-324A-2F3C8EAA8FD8}.Debug|Any CPU.Build.0 = Debug|Any CPU
		{E170ED9D-64B1-5570-324A-2F3C8EAA8FD8}.Release|Any CPU.ActiveCfg = Release|Any CPU
		{E170ED9D-64B1-5570-324A-2F3C8EAA8FD8}.Release|Any CPU.Build.0 = Release|Any CPU
		{DC6303F7-0D61-7052-4FCE-EE5EF2DF437A}.Debug|Any CPU.ActiveCfg = Debug|Any CPU
		{DC6303F7-0D61-7052-4FCE-EE5EF2DF437A}.Debug|Any CPU.Build.0 = Debug|Any CPU
		{DC6303F7-0D61-7052-4FCE-EE5EF2DF437A}.Release|Any CPU.ActiveCfg = Release|Any CPU
		{DC6303F7-0D61-7052-4FCE-EE5EF2DF437A}.Release|Any CPU.Build.0 = Release|Any CPU
		{3D37DC75-A733-7F9B-F308-086B26AD4B3C}.Debug|Any CPU.ActiveCfg = Debug|Any CPU
		{3D37DC75-A733-7F9B-F308-086B26AD4B3C}.Debug|Any CPU.Build.0 = Debug|Any CPU
		{3D37DC75-A733-7F9B-F308-086B26AD4B3C}.Release|Any CPU.ActiveCfg = Release|Any CPU
		{3D37DC75-A733-7F9B-F308-086B26AD4B3C}.Release|Any CPU.Build.0 = Release|Any CPU
		{3B1D8F2B-290C-ADE2-69D9-57999BC05787}.Debug|Any CPU.ActiveCfg = Debug|Any CPU
		{3B1D8F2B-290C-ADE2-69D9-57999BC05787}.Debug|Any CPU.Build.0 = Debug|Any CPU
		{3B1D8F2B-290C-ADE2-69D9-57999BC05787}.Release|Any CPU.ActiveCfg = Release|Any CPU
		{3B1D8F2B-290C-ADE2-69D9-57999BC05787}.Release|Any CPU.Build.0 = Release|Any CPU
		{CAAFF9D1-FF05-0BE0-4BAB-DF95651B00AB}.Debug|Any CPU.ActiveCfg = Debug|Any CPU
		{CAAFF9D1-FF05-0BE0-4BAB-DF95651B00AB}.Debug|Any CPU.Build.0 = Debug|Any CPU
		{CAAFF9D1-FF05-0BE0-4BAB-DF95651B00AB}.Release|Any CPU.ActiveCfg = Release|Any CPU
		{CAAFF9D1-FF05-0BE0-4BAB-DF95651B00AB}.Release|Any CPU.Build.0 = Release|Any CPU
		{B75D678F-D99B-BB2A-30AE-4F5F4FFFDF44}.Debug|Any CPU.ActiveCfg = Debug|Any CPU
		{B75D678F-D99B-BB2A-30AE-4F5F4FFFDF44}.Debug|Any CPU.Build.0 = Debug|Any CPU
		{B75D678F-D99B-BB2A-30AE-4F5F4FFFDF44}.Release|Any CPU.ActiveCfg = Release|Any CPU
		{B75D678F-D99B-BB2A-30AE-4F5F4FFFDF44}.Release|Any CPU.Build.0 = Release|Any CPU
		{462DD091-86E0-679E-02F9-465B2BCFDCED}.Debug|Any CPU.ActiveCfg = Debug|Any CPU
		{462DD091-86E0-679E-02F9-465B2BCFDCED}.Debug|Any CPU.Build.0 = Debug|Any CPU
		{462DD091-86E0-679E-02F9-465B2BCFDCED}.Release|Any CPU.ActiveCfg = Release|Any CPU
		{462DD091-86E0-679E-02F9-465B2BCFDCED}.Release|Any CPU.Build.0 = Release|Any CPU
		{8A70F109-744D-2BF4-7BB8-2B7A3E91E62B}.Debug|Any CPU.ActiveCfg = Debug|Any CPU
		{8A70F109-744D-2BF4-7BB8-2B7A3E91E62B}.Debug|Any CPU.Build.0 = Debug|Any CPU
		{8A70F109-744D-2BF4-7BB8-2B7A3E91E62B}.Release|Any CPU.ActiveCfg = Release|Any CPU
		{8A70F109-744D-2BF4-7BB8-2B7A3E91E62B}.Release|Any CPU.Build.0 = Release|Any CPU
		{44EA06E6-0E37-77A2-C31B-87D1AE87C60A}.Debug|Any CPU.ActiveCfg = Debug|Any CPU
		{44EA06E6-0E37-77A2-C31B-87D1AE87C60A}.Debug|Any CPU.Build.0 = Debug|Any CPU
		{44EA06E6-0E37-77A2-C31B-87D1AE87C60A}.Release|Any CPU.ActiveCfg = Release|Any CPU
		{44EA06E6-0E37-77A2-C31B-87D1AE87C60A}.Release|Any CPU.Build.0 = Release|Any CPU
		{A3B282D2-35B8-96B9-51E1-063DD3E739EC}.Debug|Any CPU.ActiveCfg = Debug|Any CPU
		{A3B282D2-35B8-96B9-51E1-063DD3E739EC}.Debug|Any CPU.Build.0 = Debug|Any CPU
		{A3B282D2-35B8-96B9-51E1-063DD3E739EC}.Release|Any CPU.ActiveCfg = Release|Any CPU
		{A3B282D2-35B8-96B9-51E1-063DD3E739EC}.Release|Any CPU.Build.0 = Release|Any CPU
		{C807DFAC-F288-9A4B-5123-683A23592E3D}.Debug|Any CPU.ActiveCfg = Debug|Any CPU
		{C807DFAC-F288-9A4B-5123-683A23592E3D}.Debug|Any CPU.Build.0 = Debug|Any CPU
		{C807DFAC-F288-9A4B-5123-683A23592E3D}.Release|Any CPU.ActiveCfg = Release|Any CPU
		{C807DFAC-F288-9A4B-5123-683A23592E3D}.Release|Any CPU.Build.0 = Release|Any CPU
		{B69A4AD2-EF74-9C89-B76B-BCC0F7ABE10F}.Debug|Any CPU.ActiveCfg = Debug|Any CPU
		{B69A4AD2-EF74-9C89-B76B-BCC0F7ABE10F}.Debug|Any CPU.Build.0 = Debug|Any CPU
		{B69A4AD2-EF74-9C89-B76B-BCC0F7ABE10F}.Release|Any CPU.ActiveCfg = Release|Any CPU
		{B69A4AD2-EF74-9C89-B76B-BCC0F7ABE10F}.Release|Any CPU.Build.0 = Release|Any CPU
		{27A5552F-1C43-4B69-C19B-20F532F35D6B}.Debug|Any CPU.ActiveCfg = Debug|Any CPU
		{27A5552F-1C43-4B69-C19B-20F532F35D6B}.Debug|Any CPU.Build.0 = Debug|Any CPU
		{27A5552F-1C43-4B69-C19B-20F532F35D6B}.Release|Any CPU.ActiveCfg = Release|Any CPU
		{27A5552F-1C43-4B69-C19B-20F532F35D6B}.Release|Any CPU.Build.0 = Release|Any CPU
		{734585A8-8518-8D14-F174-7187098F1012}.Debug|Any CPU.ActiveCfg = Debug|Any CPU
		{734585A8-8518-8D14-F174-7187098F1012}.Debug|Any CPU.Build.0 = Debug|Any CPU
		{734585A8-8518-8D14-F174-7187098F1012}.Release|Any CPU.ActiveCfg = Release|Any CPU
		{734585A8-8518-8D14-F174-7187098F1012}.Release|Any CPU.Build.0 = Release|Any CPU
		{F5DDBD40-1FE4-4F33-AE46-9CE2E1325A25}.Debug|Any CPU.ActiveCfg = Debug|Any CPU
		{F5DDBD40-1FE4-4F33-AE46-9CE2E1325A25}.Debug|Any CPU.Build.0 = Debug|Any CPU
		{F5DDBD40-1FE4-4F33-AE46-9CE2E1325A25}.Release|Any CPU.ActiveCfg = Release|Any CPU
		{F5DDBD40-1FE4-4F33-AE46-9CE2E1325A25}.Release|Any CPU.Build.0 = Release|Any CPU
		{6D0A5B09-7E02-485C-2561-D65EB7E4DBC5}.Debug|Any CPU.ActiveCfg = Debug|Any CPU
		{6D0A5B09-7E02-485C-2561-D65EB7E4DBC5}.Debug|Any CPU.Build.0 = Debug|Any CPU
		{6D0A5B09-7E02-485C-2561-D65EB7E4DBC5}.Release|Any CPU.ActiveCfg = Release|Any CPU
		{6D0A5B09-7E02-485C-2561-D65EB7E4DBC5}.Release|Any CPU.Build.0 = Release|Any CPU
		{86ED9ACD-2C5E-B269-8D34-B65B4B317911}.Debug|Any CPU.ActiveCfg = Debug|Any CPU
		{86ED9ACD-2C5E-B269-8D34-B65B4B317911}.Debug|Any CPU.Build.0 = Debug|Any CPU
		{86ED9ACD-2C5E-B269-8D34-B65B4B317911}.Release|Any CPU.ActiveCfg = Release|Any CPU
		{86ED9ACD-2C5E-B269-8D34-B65B4B317911}.Release|Any CPU.Build.0 = Release|Any CPU
		{1046FF25-B900-ED1A-A589-415DF9216BB6}.Debug|Any CPU.ActiveCfg = Debug|Any CPU
		{1046FF25-B900-ED1A-A589-415DF9216BB6}.Debug|Any CPU.Build.0 = Debug|Any CPU
		{1046FF25-B900-ED1A-A589-415DF9216BB6}.Release|Any CPU.ActiveCfg = Release|Any CPU
		{1046FF25-B900-ED1A-A589-415DF9216BB6}.Release|Any CPU.Build.0 = Release|Any CPU
		{A0E9C946-0F0D-E5F0-D352-F85BD5C9C5C4}.Debug|Any CPU.ActiveCfg = Debug|Any CPU
		{A0E9C946-0F0D-E5F0-D352-F85BD5C9C5C4}.Debug|Any CPU.Build.0 = Debug|Any CPU
		{A0E9C946-0F0D-E5F0-D352-F85BD5C9C5C4}.Release|Any CPU.ActiveCfg = Release|Any CPU
		{A0E9C946-0F0D-E5F0-D352-F85BD5C9C5C4}.Release|Any CPU.Build.0 = Release|Any CPU
		{CDD7F80A-214A-AFBD-97C0-0E5DBD71834C}.Debug|Any CPU.ActiveCfg = Debug|Any CPU
		{CDD7F80A-214A-AFBD-97C0-0E5DBD71834C}.Debug|Any CPU.Build.0 = Debug|Any CPU
		{CDD7F80A-214A-AFBD-97C0-0E5DBD71834C}.Release|Any CPU.ActiveCfg = Release|Any CPU
		{CDD7F80A-214A-AFBD-97C0-0E5DBD71834C}.Release|Any CPU.Build.0 = Release|Any CPU
		{87D6E90E-CE88-F94B-CD51-D13A3BDBB925}.Debug|Any CPU.ActiveCfg = Debug|Any CPU
		{87D6E90E-CE88-F94B-CD51-D13A3BDBB925}.Debug|Any CPU.Build.0 = Debug|Any CPU
		{87D6E90E-CE88-F94B-CD51-D13A3BDBB925}.Release|Any CPU.ActiveCfg = Release|Any CPU
		{87D6E90E-CE88-F94B-CD51-D13A3BDBB925}.Release|Any CPU.Build.0 = Release|Any CPU
		{9F40AD93-4CEF-2F03-7DA1-BBFE3ED2C2CC}.Debug|Any CPU.ActiveCfg = Debug|Any CPU
		{9F40AD93-4CEF-2F03-7DA1-BBFE3ED2C2CC}.Debug|Any CPU.Build.0 = Debug|Any CPU
		{9F40AD93-4CEF-2F03-7DA1-BBFE3ED2C2CC}.Release|Any CPU.ActiveCfg = Release|Any CPU
		{9F40AD93-4CEF-2F03-7DA1-BBFE3ED2C2CC}.Release|Any CPU.Build.0 = Release|Any CPU
		{FAE5E350-C25A-7C58-ECA2-698E837933FA}.Debug|Any CPU.ActiveCfg = Debug|Any CPU
		{FAE5E350-C25A-7C58-ECA2-698E837933FA}.Debug|Any CPU.Build.0 = Debug|Any CPU
		{FAE5E350-C25A-7C58-ECA2-698E837933FA}.Release|Any CPU.ActiveCfg = Release|Any CPU
		{FAE5E350-C25A-7C58-ECA2-698E837933FA}.Release|Any CPU.Build.0 = Release|Any CPU
	EndGlobalSection
	GlobalSection(SolutionProperties) = preSolution
		HideSolutionNode = FALSE
	EndGlobalSection
EndGlobal
